
Microsoft Visual Studio Solution File, Format Version 12.00
# Visual Studio Version 17
VisualStudioVersion = 17.8.34525.116
MinimumVisualStudioVersion = 10.0.40219.1
Project("{9A19103F-16F7-4668-BE54-9A1E7A4F7556}") = "ProjectOrganizer", "ProjectOrganizer.csproj", "{428547F1-AF03-4BB9-8BDA-46897EAC8BFF}"
EndProject
Global
	GlobalSection(SolutionConfigurationPlatforms) = preSolution
		Debug|Any CPU = Debug|Any CPU
		Release|Any CPU = Release|Any CPU
	EndGlobalSection
	GlobalSection(ProjectConfigurationPlatforms) = postSolution
		{428547F1-AF03-4BB9-8BDA-46897EAC8BFF}.Debug|Any CPU.ActiveCfg = Debug|Any CPU
		{428547F1-AF03-4BB9-8BDA-46897EAC8BFF}.Debug|Any CPU.Build.0 = Debug|Any CPU
		{428547F1-AF03-4BB9-8BDA-46897EAC8BFF}.Release|Any CPU.ActiveCfg = Release|Any CPU
		{428547F1-AF03-4BB9-8BDA-46897EAC8BFF}.Release|Any CPU.Build.0 = Release|Any CPU
	EndGlobalSection
	GlobalSection(SolutionProperties) = preSolution
		HideSolutionNode = FALSE
	EndGlobalSection
	GlobalSection(ExtensibilityGlobals) = postSolution
		SolutionGuid = {9DE5102D-508D-4C51-B5C2-BB95F302A4F1}
	EndGlobalSection
EndGlobal
